
Microsoft Visual Studio Solution File, Format Version 12.00
# Visual Studio Version 16
VisualStudioVersion = 16.0.29728.190
MinimumVisualStudioVersion = 10.0.40219.1
Project("{FAE04EC0-301F-11D3-BF4B-00C04F79EFBC}") = "SerialCommunication", "SerialCommunication\SerialCommunication.csproj", "{6EBE6E9E-8A72-40E9-A265-621B1B428685}"
EndProject
Global
	GlobalSection(SolutionConfigurationPlatforms) = preSolution
		Debug|Any CPU = Debug|Any CPU
		Release|Any CPU = Release|Any CPU
	EndGlobalSection
	GlobalSection(ProjectConfigurationPlatforms) = postSolution
		{6EBE6E9E-8A72-40E9-A265-621B1B428685}.Debug|Any CPU.ActiveCfg = Debug|Any CPU
		{6EBE6E9E-8A72-40E9-A265-621B1B428685}.Debug|Any CPU.Build.0 = Debug|Any CPU
		{6EBE6E9E-8A72-40E9-A265-621B1B428685}.Release|Any CPU.ActiveCfg = Release|Any CPU
		{6EBE6E9E-8A72-40E9-A265-621B1B428685}.Release|Any CPU.Build.0 = Release|Any CPU
	EndGlobalSection
	GlobalSection(SolutionProperties) = preSolution
		HideSolutionNode = FALSE
	EndGlobalSection
	GlobalSection(ExtensibilityGlobals) = postSolution
		SolutionGuid = {3A9F4D89-03C7-4E9C-BE44-1B8DD91F05C8}
	EndGlobalSection
EndGlobal
